Microsoft Visual Studio Solution File, Format Version 12.00
# Visual Studio 2012
Project("{FAE04EC0-301F-11D3-BF4B-00C04F79EFBC}") = "Other Galaxies", "Other Galaxies.csproj", "{215504A4-B7A0-442B-AC4B-5A28BB60D3FA}"
EndProject
Global
	GlobalSection(SolutionConfigurationPlatforms) = preSolution
	Debug|Any CPU = Debug|Any CPU
	ExportDebug|Any CPU = ExportDebug|Any CPU
	ExportRelease|Any CPU = ExportRelease|Any CPU
	EndGlobalSection
	GlobalSection(ProjectConfigurationPlatforms) = postSolution
		{215504A4-B7A0-442B-AC4B-5A28BB60D3FA}.Debug|Any CPU.ActiveCfg = Debug|Any CPU
		{215504A4-B7A0-442B-AC4B-5A28BB60D3FA}.Debug|Any CPU.Build.0 = Debug|Any CPU
		{215504A4-B7A0-442B-AC4B-5A28BB60D3FA}.ExportDebug|Any CPU.ActiveCfg = ExportDebug|Any CPU
		{215504A4-B7A0-442B-AC4B-5A28BB60D3FA}.ExportDebug|Any CPU.Build.0 = ExportDebug|Any CPU
		{215504A4-B7A0-442B-AC4B-5A28BB60D3FA}.ExportRelease|Any CPU.ActiveCfg = ExportRelease|Any CPU
		{215504A4-B7A0-442B-AC4B-5A28BB60D3FA}.ExportRelease|Any CPU.Build.0 = ExportRelease|Any CPU
	EndGlobalSection
EndGlobal
